PODS:
  - FBSnapshotTestCase (2.1.4):
    - FBSnapshotTestCase/SwiftSupport (= 2.1.4)
  - FBSnapshotTestCase/Core (2.1.4)
  - FBSnapshotTestCase/SwiftSupport (2.1.4):
    - FBSnapshotTestCase/Core
  - HTMICustomControl (0.1.0)

DEPENDENCIES:
  - FBSnapshotTestCase
  - HTMICustomControl (from `../`)

EXTERNAL SOURCES:
  HTMICustomControl:
    :path: "../"

SPEC CHECKSUMS:
  FBSnapshotTestCase: 094f9f314decbabe373b87cc339bea235a63e07a
  HTMICustomControl: 03bf8e47f44ff6fc6b2088a0004e783639984125

PODFILE CHECKSUM: 27fd323ecf765e0cb3ee00ce76f7776631edf2ce

COCOAPODS: 1.2.1.beta.1
